
Microsoft Visual Studio Solution File, Format Version 12.00
# Visual Studio Version 17
VisualStudioVersion = 17.2.33530.394
MinimumVisualStudioVersion = 10.0.40219.1
Project("{9A19103F-16F7-4668-BE54-9A1E7A4F7556}") = "EFDemo", "EFDemo\EFDemo.csproj", "{9374F0BF-2555-48C1-A300-008490373FDE}"
EndProject
Project("{FAE04EC0-301F-11D3-BF4B-00C04F79EFBC}") = "EFDemo.Tests", "EFDemo.Tests\EFDemo.Tests.csproj", "{F3EFDFC4-1F95-4FE2-A92B-C76F30AEB809}"
EndProject
Global
	GlobalSection(SolutionConfigurationPlatforms) = preSolution
		Debug|Any CPU = Debug|Any CPU
		Release|Any CPU = Release|Any CPU
	EndGlobalSection
	GlobalSection(ProjectConfigurationPlatforms) = postSolution
		{9374F0BF-2555-48C1-A300-008490373FDE}.Debug|Any CPU.ActiveCfg = Debug|Any CPU
		{9374F0BF-2555-48C1-A300-008490373FDE}.Debug|Any CPU.Build.0 = Debug|Any CPU
		{9374F0BF-2555-48C1-A300-008490373FDE}.Release|Any CPU.ActiveCfg = Release|Any CPU
		{9374F0BF-2555-48C1-A300-008490373FDE}.Release|Any CPU.Build.0 = Release|Any CPU
		{F3EFDFC4-1F95-4FE2-A92B-C76F30AEB809}.Debug|Any CPU.ActiveCfg = Debug|Any CPU
		{F3EFDFC4-1F95-4FE2-A92B-C76F30AEB809}.Debug|Any CPU.Build.0 = Debug|Any CPU
		{F3EFDFC4-1F95-4FE2-A92B-C76F30AEB809}.Release|Any CPU.ActiveCfg = Release|Any CPU
		{F3EFDFC4-1F95-4FE2-A92B-C76F30AEB809}.Release|Any CPU.Build.0 = Release|Any CPU
	EndGlobalSection
	GlobalSection(SolutionProperties) = preSolution
		HideSolutionNode = FALSE
	EndGlobalSection
	GlobalSection(ExtensibilityGlobals) = postSolution
		SolutionGuid = {914607BD-3458-42FD-9B85-5175128E60A5}
	EndGlobalSection
EndGlobal
