
Microsoft Visual Studio Solution File, Format Version 12.00
# Visual Studio Version 17
VisualStudioVersion = 17.2.33530.394
MinimumVisualStudioVersion = 10.0.40219.1
Project("{00D1A9C2-B5F0-4AF3-8072-F6C62B433612}") = "DapperDB", "DapperDB\DapperDB.sqlproj", "{3A6E2048-1074-4EF6-A759-7FE597370F98}"
EndProject
Project("{FAE04EC0-301F-11D3-BF4B-00C04F79EFBC}") = "DapperDemo", "DapperDemo\DapperDemo.csproj", "{5290E87D-A060-4069-BDBD-5E4730169936}"
EndProject
Project("{FAE04EC0-301F-11D3-BF4B-00C04F79EFBC}") = "DapperDemoTests", "DapperDemoTests\DapperDemoTests.csproj", "{820FA97E-E28F-4B9A-9233-C15925C2E222}"
EndProject
Global
	GlobalSection(SolutionConfigurationPlatforms) = preSolution
		Debug|Any CPU = Debug|Any CPU
		Release|Any CPU = Release|Any CPU
	EndGlobalSection
	GlobalSection(ProjectConfigurationPlatforms) = postSolution
		{3A6E2048-1074-4EF6-A759-7FE597370F98}.Debug|Any CPU.ActiveCfg = Debug|Any CPU
		{3A6E2048-1074-4EF6-A759-7FE597370F98}.Debug|Any CPU.Build.0 = Debug|Any CPU
		{3A6E2048-1074-4EF6-A759-7FE597370F98}.Debug|Any CPU.Deploy.0 = Debug|Any CPU
		{3A6E2048-1074-4EF6-A759-7FE597370F98}.Release|Any CPU.ActiveCfg = Release|Any CPU
		{3A6E2048-1074-4EF6-A759-7FE597370F98}.Release|Any CPU.Build.0 = Release|Any CPU
		{3A6E2048-1074-4EF6-A759-7FE597370F98}.Release|Any CPU.Deploy.0 = Release|Any CPU
		{5290E87D-A060-4069-BDBD-5E4730169936}.Debug|Any CPU.ActiveCfg = Debug|Any CPU
		{5290E87D-A060-4069-BDBD-5E4730169936}.Debug|Any CPU.Build.0 = Debug|Any CPU
		{5290E87D-A060-4069-BDBD-5E4730169936}.Release|Any CPU.ActiveCfg = Release|Any CPU
		{5290E87D-A060-4069-BDBD-5E4730169936}.Release|Any CPU.Build.0 = Release|Any CPU
		{820FA97E-E28F-4B9A-9233-C15925C2E222}.Debug|Any CPU.ActiveCfg = Debug|Any CPU
		{820FA97E-E28F-4B9A-9233-C15925C2E222}.Debug|Any CPU.Build.0 = Debug|Any CPU
		{820FA97E-E28F-4B9A-9233-C15925C2E222}.Release|Any CPU.ActiveCfg = Release|Any CPU
		{820FA97E-E28F-4B9A-9233-C15925C2E222}.Release|Any CPU.Build.0 = Release|Any CPU
	EndGlobalSection
	GlobalSection(SolutionProperties) = preSolution
		HideSolutionNode = FALSE
	EndGlobalSection
	GlobalSection(ExtensibilityGlobals) = postSolution
		SolutionGuid = {DDCE41A9-72A6-4FD9-AD66-22D2D8B923D8}
	EndGlobalSection
EndGlobal
